
Microsoft Visual Studio Solution File, Format Version 12.00
# Visual Studio Version 16
VisualStudioVersion = 16.0.29728.190
MinimumVisualStudioVersion = 10.0.40219.1
Project("{FAE04EC0-301F-11D3-BF4B-00C04F79EFBC}") = "GraphSystem.UI", "GraphSystem.UI\GraphSystem.UI.csproj", "{3E3308E7-F32B-4B03-97B1-A4FBD77827DA}"
EndProject
Project("{FAE04EC0-301F-11D3-BF4B-00C04F79EFBC}") = "GraphSystem.Core", "GraphSystem.Core\GraphSystem.Core.csproj", "{77B05145-266A-4D5C-AFC4-66DBB8A74BB2}"
EndProject
Global
	GlobalSection(SolutionConfigurationPlatforms) = preSolution
		Debug|Any CPU = Debug|Any CPU
		Release|Any CPU = Release|Any CPU
	EndGlobalSection
	GlobalSection(ProjectConfigurationPlatforms) = postSolution
		{3E3308E7-F32B-4B03-97B1-A4FBD77827DA}.Debug|Any CPU.ActiveCfg = Debug|Any CPU
		{3E3308E7-F32B-4B03-97B1-A4FBD77827DA}.Debug|Any CPU.Build.0 = Debug|Any CPU
		{3E3308E7-F32B-4B03-97B1-A4FBD77827DA}.Release|Any CPU.ActiveCfg = Release|Any CPU
		{3E3308E7-F32B-4B03-97B1-A4FBD77827DA}.Release|Any CPU.Build.0 = Release|Any CPU
		{77B05145-266A-4D5C-AFC4-66DBB8A74BB2}.Debug|Any CPU.ActiveCfg = Debug|Any CPU
		{77B05145-266A-4D5C-AFC4-66DBB8A74BB2}.Debug|Any CPU.Build.0 = Debug|Any CPU
		{77B05145-266A-4D5C-AFC4-66DBB8A74BB2}.Release|Any CPU.ActiveCfg = Release|Any CPU
		{77B05145-266A-4D5C-AFC4-66DBB8A74BB2}.Release|Any CPU.Build.0 = Release|Any CPU
	EndGlobalSection
	GlobalSection(SolutionProperties) = preSolution
		HideSolutionNode = FALSE
	EndGlobalSection
	GlobalSection(ExtensibilityGlobals) = postSolution
		SolutionGuid = {1403EF22-9722-40FE-AE37-34B859DF16F9}
	EndGlobalSection
EndGlobal
